// !$*UTF8*$!
{
	archiveVersion = 1;
	classes = {
	};
	objectVersion = 50;
	objects = {

/* Begin PBXBuildFile section */
		76DE49CEB2432828E327A8A1 /* Pods_LAHacks2019.framework in Frameworks */ = {isa = PBXBuildFile; fileRef = 80A6363D897B403F8FF3FC34 /* Pods_LAHacks2019.framework */; };
		A1582E1C224F51E900206D5F /* AppDelegate.swift in Sources */ = {isa = PBXBuildFile; fileRef = A1582E1B224F51E900206D5F /* AppDelegate.swift */; };
		A1582E1E224F51E900206D5F /* ViewController.swift in Sources */ = {isa = PBXBuildFile; fileRef = A1582E1D224F51E900206D5F /* ViewController.swift */; };
		A1582E21224F51E900206D5F /* Main.storyboard in Resources */ = {isa = PBXBuildFile; fileRef = A1582E1F224F51E900206D5F /* Main.storyboard */; };
		A1582E23224F51EA00206D5F /* Assets.xcassets in Resources */ = {isa = PBXBuildFile; fileRef = A1582E22224F51EA00206D5F /* Assets.xcassets */; };
		A1582E26224F51EA00206D5F /* LaunchScreen.storyboard in Resources */ = {isa = PBXBuildFile; fileRef = A1582E24224F51EA00206D5F /* LaunchScreen.storyboard */; };
		A1582E4E224FC79700206D5F /* LocatorViewController.swift in Sources */ = {isa = PBXBuildFile; fileRef = A1582E4D224FC79700206D5F /* LocatorViewController.swift */; };
		A1582E50224FC81A00206D5F /* RegisterVehicleViewController.swift in Sources */ = {isa = PBXBuildFile; fileRef = A1582E4F224FC81A00206D5F /* RegisterVehicleViewController.swift */; };
		A1582E52224FC83500206D5F /* MaintenanceViewController.swift in Sources */ = {isa = PBXBuildFile; fileRef = A1582E51224FC83500206D5F /* MaintenanceViewController.swift */; };
/* End PBXBuildFile section */

/* Begin PBXFileReference section */
		049E4E4BCB8837858E486456 /* Pods-LAHacks2019.debug.xcconfig */ = {isa = PBXFileReference; includeInIndex = 1; lastKnownFileType = text.xcconfig; name = "Pods-LAHacks2019.debug.xcconfig"; path = "Target Support Files/Pods-LAHacks2019/Pods-LAHacks2019.debug.xcconfig"; sourceTree = "<group>"; };
		370C97678EA2A74226B595CD /* Pods-LAHacks2019.release.xcconfig */ = {isa = PBXFileReference; includeInIndex = 1; lastKnownFileType = text.xcconfig; name = "Pods-LAHacks2019.release.xcconfig"; path = "Target Support Files/Pods-LAHacks2019/Pods-LAHacks2019.release.xcconfig"; sourceTree = "<group>"; };
		80A6363D897B403F8FF3FC34 /* Pods_LAHacks2019.framework */ = {isa = PBXFileReference; explicitFileType = wrapper.framework; includeInIndex = 0; path = Pods_LAHacks2019.framework; sourceTree = BUILT_PRODUCTS_DIR; };
		A1582E18224F51E900206D5F /* LAHacks2019.app */ = {isa = PBXFileReference; explicitFileType = wrapper.application; includeInIndex = 0; path = LAHacks2019.app; sourceTree = BUILT_PRODUCTS_DIR; };
		A1582E1B224F51E900206D5F /* AppDelegate.swift */ = {isa = PBXFileReference; lastKnownFileType = sourcecode.swift; path = AppDelegate.swift; sourceTree = "<group>"; };
		A1582E1D224F51E900206D5F /* ViewController.swift */ = {isa = PBXFileReference; lastKnownFileType = sourcecode.swift; path = ViewController.swift; sourceTree = "<group>"; };
		A1582E20224F51E900206D5F /* Base */ = {isa = PBXFileReference; lastKnownFileType = file.storyboard; name = Base; path = Base.lproj/Main.storyboard; sourceTree = "<group>"; };
		A1582E22224F51EA00206D5F /* Assets.xcassets */ = {isa = PBXFileReference; lastKnownFileType = folder.assetcatalog; path = Assets.xcassets; sourceTree = "<group>"; };
		A1582E25224F51EA00206D5F /* Base */ = {isa = PBXFileReference; lastKnownFileType = file.storyboard; name = Base; path = Base.lproj/LaunchScreen.storyboard; sourceTree = "<group>"; };
		A1582E27224F51EA00206D5F /* Info.plist */ = {isa = PBXFileReference; lastKnownFileType = text.plist.xml; path = Info.plist; sourceTree = "<group>"; };
		A1582E4D224FC79700206D5F /* LocatorViewController.swift */ = {isa = PBXFileReference; lastKnownFileType = sourcecode.swift; path = LocatorViewController.swift; sourceTree = "<group>"; };
		A1582E4F224FC81A00206D5F /* RegisterVehicleViewController.swift */ = {isa = PBXFileReference; lastKnownFileType = sourcecode.swift; path = RegisterVehicleViewController.swift; sourceTree = "<group>"; };
		A1582E51224FC83500206D5F /* MaintenanceViewController.swift */ = {isa = PBXFileReference; lastKnownFileType = sourcecode.swift; path = MaintenanceViewController.swift; sourceTree = "<group>"; };
/* End PBXFileReference section */

/* Begin PBXFrameworksBuildPhase section */
		A1582E15224F51E900206D5F /* Frameworks */ = {
			isa = PBXFrameworksBuildPhase;
			buildActionMask = 2147483647;
			files = (
				76DE49CEB2432828E327A8A1 /* Pods_LAHacks2019.framework in Frameworks */,
			);
			runOnlyForDeploymentPostprocessing = 0;
		};
/* End PBXFrameworksBuildPhase section */

/* Begin PBXGroup section */
		2029FD4CB09A478574071798 /* Pods */ = {
			isa = PBXGroup;
			children = (
				049E4E4BCB8837858E486456 /* Pods-LAHacks2019.debug.xcconfig */,
				370C97678EA2A74226B595CD /* Pods-LAHacks2019.release.xcconfig */,
			);
			name = Pods;
			path = Pods;
			sourceTree = "<group>";
		};
		4CA42A58ACC42C3F5F9BEFBF /* Frameworks */ = {
			isa = PBXGroup;
			children = (
				80A6363D897B403F8FF3FC34 /* Pods_LAHacks2019.framework */,
			);
			name = Frameworks;
			sourceTree = "<group>";
		};
		A1582E0F224F51E900206D5F = {
			isa = PBXGroup;
			children = (
				A1582E1A224F51E900206D5F /* LAHacks2019 */,
				A1582E19224F51E900206D5F /* Products */,
				2029FD4CB09A478574071798 /* Pods */,
				4CA42A58ACC42C3F5F9BEFBF /* Frameworks */,
			);
			sourceTree = "<group>";
		};
		A1582E19224F51E900206D5F /* Products */ = {
			isa = PBXGroup;
			children = (
				A1582E18224F51E900206D5F /* LAHacks2019.app */,
			);
			name = Products;
			sourceTree = "<group>";
		};
		A1582E1A224F51E900206D5F /* LAHacks2019 */ = {
			isa = PBXGroup;
			children = (
				A1582E1B224F51E900206D5F /* AppDelegate.swift */,
				A1582E1D224F51E900206D5F /* ViewController.swift */,
				A1582E4D224FC79700206D5F /* LocatorViewController.swift */,
				A1582E51224FC83500206D5F /* MaintenanceViewController.swift */,
				A1582E4F224FC81A00206D5F /* RegisterVehicleViewController.swift */,
				A1582E1F224F51E900206D5F /* Main.storyboard */,
				A1582E22224F51EA00206D5F /* Assets.xcassets */,
				A1582E24224F51EA00206D5F /* LaunchScreen.storyboard */,
				A1582E27224F51EA00206D5F /* Info.plist */,
			);
			path = LAHacks2019;
			sourceTree = "<group>";
		};
/* End PBXGroup section */

/* Begin PBXNativeTarget section */
		A1582E17224F51E900206D5F /* LAHacks2019 */ = {
			isa = PBXNativeTarget;
			buildConfigurationList = A1582E2A224F51EA00206D5F /* Build configuration list for PBXNativeTarget "LAHacks2019" */;
			buildPhases = (
				F66BF192E8A3FEED16CD21C6 /* [CP] Check Pods Manifest.lock */,
				A1582E14224F51E900206D5F /* Sources */,
				A1582E15224F51E900206D5F /* Frameworks */,
				A1582E16224F51E900206D5F /* Resources */,
				69854314484552BCB42C0376 /* [CP] Embed Pods Frameworks */,
			);
			buildRules = (
			);
			dependencies = (
			);
			name = LAHacks2019;
			productName = LAHacks2019;
			productReference = A1582E18224F51E900206D5F /* LAHacks2019.app */;
			productType = "com.apple.product-type.application";
		};
/* End PBXNativeTarget section */

/* Begin PBXProject section */
		A1582E10224F51E900206D5F /* Project object */ = {
			isa = PBXProject;
			attributes = {
				LastSwiftUpdateCheck = 1020;
				LastUpgradeCheck = 1020;
				ORGANIZATIONNAME = Chris;
				TargetAttributes = {
					A1582E17224F51E900206D5F = {
						CreatedOnToolsVersion = 10.2;
					};
				};
			};
			buildConfigurationList = A1582E13224F51E900206D5F /* Build configuration list for PBXProject "LAHacks2019" */;
			compatibilityVersion = "Xcode 9.3";
			developmentRegion = en;
			hasScannedForEncodings = 0;
			knownRegions = (
				en,
				Base,
			);
			mainGroup = A1582E0F224F51E900206D5F;
			productRefGroup = A1582E19224F51E900206D5F /* Products */;
			projectDirPath = "";
			projectRoot = "";
			targets = (
				A1582E17224F51E900206D5F /* LAHacks2019 */,
			);
		};
/* End PBXProject section */

/* Begin PBXResourcesBuildPhase section */
		A1582E16224F51E900206D5F /* Resources */ = {
			isa = PBXResourcesBuildPhase;
			buildActionMask = 2147483647;
			files = (
				A1582E26224F51EA00206D5F /* LaunchScreen.storyboard in Resources */,
				A1582E23224F51EA00206D5F /* Assets.xcassets in Resources */,
				A1582E21224F51E900206D5F /* Main.storyboard in Resources */,
			);
			runOnlyForDeploymentPostprocessing = 0;
		};
/* End PBXResourcesBuildPhase section */

/* Begin PBXShellScriptBuildPhase section */
		69854314484552BCB42C0376 /* [CP] Embed Pods Frameworks */ = {
			isa = PBXShellScriptBuildPhase;
			buildActionMask = 2147483647;
			files = (
			);
			inputFileListPaths = (
			);
			inputPaths = (
				"${PODS_ROOT}/Target Support Files/Pods-LAHacks2019/Pods-LAHacks2019-frameworks.sh",
				"${BUILT_PRODUCTS_DIR}/GTMSessionFetcher/GTMSessionFetcher.framework",
				"${BUILT_PRODUCTS_DIR}/GoogleUtilities/GoogleUtilities.framework",
				"${BUILT_PRODUCTS_DIR}/leveldb-library/leveldb.framework",
				"${BUILT_PRODUCTS_DIR}/nanopb/nanopb.framework",
			);
			name = "[CP] Embed Pods Frameworks";
			outputFileListPaths = (
			);
			outputPaths = (
				"${TARGET_BUILD_DIR}/${FRAMEWORKS_FOLDER_PATH}/GTMSessionFetcher.framework",
				"${TARGET_BUILD_DIR}/${FRAMEWORKS_FOLDER_PATH}/GoogleUtilities.framework",
				"${TARGET_BUILD_DIR}/${FRAMEWORKS_FOLDER_PATH}/leveldb.framework",
				"${TARGET_BUILD_DIR}/${FRAMEWORKS_FOLDER_PATH}/nanopb.framework",
			);
			runOnlyForDeploymentPostprocessing = 0;
			shellPath = /bin/sh;
			shellScript = "\"${PODS_ROOT}/Target Support Files/Pods-LAHacks2019/Pods-LAHacks2019-frameworks.sh\"\n";
			showEnvVarsInLog = 0;
		};
		F66BF192E8A3FEED16CD21C6 /* [CP] Check Pods Manifest.lock */ = {
			isa = PBXShellScriptBuildPhase;
			buildActionMask = 2147483647;
			files = (
			);
			inputFileListPaths = (
			);
			inputPaths = (
				"${PODS_PODFILE_DIR_PATH}/Podfile.lock",
				"${PODS_ROOT}/Manifest.lock",
			);
			name = "[CP] Check Pods Manifest.lock";
			outputFileListPaths = (
			);
			outputPaths = (
				"$(DERIVED_FILE_DIR)/Pods-LAHacks2019-checkManifestLockResult.txt",
			);
			runOnlyForDeploymentPostprocessing = 0;
			shellPath = /bin/sh;
			shellScript = "diff \"${PODS_PODFILE_DIR_PATH}/Podfile.lock\" \"${PODS_ROOT}/Manifest.lock\" > /dev/null\nif [ $? != 0 ] ; then\n    # print error to STDERR\n    echo \"error: The sandbox is not in sync with the Podfile.lock. Run 'pod install' or update your CocoaPods installation.\" >&2\n    exit 1\nfi\n# This output is used by Xcode 'outputs' to avoid re-running this script phase.\necho \"SUCCESS\" > \"${SCRIPT_OUTPUT_FILE_0}\"\n";
			showEnvVarsInLog = 0;
		};
/* End PBXShellScriptBuildPhase section */

/* Begin PBXSourcesBuildPhase section */
		A1582E14224F51E900206D5F /* Sources */ = {
			isa = PBXSourcesBuildPhase;
			buildActionMask = 2147483647;
			files = (
				A1582E4E224FC79700206D5F /* LocatorViewController.swift in Sources */,
				A1582E1E224F51E900206D5F /* ViewController.swift in Sources */,
				A1582E50224FC81A00206D5F /* RegisterVehicleViewController.swift in Sources */,
				A1582E1C224F51E900206D5F /* AppDelegate.swift in Sources */,
				A1582E52224FC83500206D5F /* MaintenanceViewController.swift in Sources */,
			);
			runOnlyForDeploymentPostprocessing = 0;
		};
/* End PBXSourcesBuildPhase section */

/* Begin PBXVariantGroup section */
		A1582E1F224F51E900206D5F /* Main.storyboard */ = {
			isa = PBXVariantGroup;
			children = (
				A1582E20224F51E900206D5F /* Base */,
			);
			name = Main.storyboard;
			sourceTree = "<group>";
		};
		A1582E24224F51EA00206D5F /* LaunchScreen.storyboard */ = {
			isa = PBXVariantGroup;
			children = (
				A1582E25224F51EA00206D5F /* Base */,
			);
			name = LaunchScreen.storyboard;
			sourceTree = "<group>";
		};
/* End PBXVariantGroup section */

/* Begin XCBuildConfiguration section */
		A1582E28224F51EA00206D5F /* Debug */ = {
			isa = XCBuildConfiguration;
			buildSettings = {
				ALWAYS_SEARCH_USER_PATHS = NO;
				CLANG_ANALYZER_NONNULL = YES;
				CLANG_ANALYZER_NUMBER_OBJECT_CONVERSION = YES_AGGRESSIVE;
				CLANG_CXX_LANGUAGE_STANDARD = "gnu++14";
				CLANG_CXX_LIBRARY = "libc++";
				CLANG_ENABLE_MODULES = YES;
				CLANG_ENABLE_OBJC_ARC = YES;
				CLANG_ENABLE_OBJC_WEAK = YES;
				CLANG_WARN_BLOCK_CAPTURE_AUTORELEASING = YES;
				CLANG_WARN_BOOL_CONVERSION = YES;
				CLANG_WARN_COMMA = YES;
				CLANG_WARN_CONSTANT_CONVERSION = YES;
				CLANG_WARN_DEPRECATED_OBJC_IMPLEMENTATIONS = YES;
				CLANG_WARN_DIRECT_OBJC_ISA_USAGE = YES_ERROR;
				CLANG_WARN_DOCUMENTATION_COMMENTS = YES;
				CLANG_WARN_EMPTY_BODY = YES;
				CLANG_WARN_ENUM_CONVERSION = YES;
				CLANG_WARN_INFINITE_RECURSION = YES;
				CLANG_WARN_INT_CONVERSION = YES;
				CLANG_WARN_NON_LITERAL_NULL_CONVERSION = YES;
				CLANG_WARN_OBJC_IMPLICIT_RETAIN_SELF = YES;
				CLANG_WARN_OBJC_LITERAL_CONVERSION = YES;
				CLANG_WARN_OBJC_ROOT_CLASS = YES_ERROR;
				CLANG_WARN_RANGE_LOOP_ANALYSIS = YES;
				CLANG_WARN_STRICT_PROTOTYPES = YES;
				CLANG_WARN_SUSPICIOUS_MOVE = YES;
				CLANG_WARN_UNGUARDED_AVAILABILITY = YES_AGGRESSIVE;
				CLANG_WARN_UNREACHABLE_CODE = YES;
				CLANG_WARN__DUPLICATE_METHOD_MATCH = YES;
				CODE_SIGN_IDENTITY = "iPhone Developer";
				COPY_PHASE_STRIP = NO;
				DEBUG_INFORMATION_FORMAT = dwarf;
				ENABLE_STRICT_OBJC_MSGSEND = YES;
				ENABLE_TESTABILITY = YES;
				GCC_C_LANGUAGE_STANDARD = gnu11;
				GCC_DYNAMIC_NO_PIC = NO;
				GCC_NO_COMMON_BLOCKS = YES;
				GCC_OPTIMIZATION_LEVEL = 0;
				GCC_PREPROCESSOR_DEFINITIONS = (
					"DEBUG=1",
					"$(inherited)",
				);
				GCC_WARN_64_TO_32_BIT_CONVERSION = YES;
				GCC_WARN_ABOUT_RETURN_TYPE = YES_ERROR;
				GCC_WARN_UNDECLARED_SELECTOR = YES;
				GCC_WARN_UNINITIALIZED_AUTOS = YES_AGGRESSIVE;
				GCC_WARN_UNUSED_FUNCTION = YES;
				GCC_WARN_UNUSED_VARIABLE = YES;
				IPHONEOS_DEPLOYMENT_TARGET = 12.2;
				MTL_ENABLE_DEBUG_INFO = INCLUDE_SOURCE;
				MTL_FAST_MATH = YES;
				ONLY_ACTIVE_ARCH = YES;
				SDKROOT = iphoneos;
				SWIFT_ACTIVE_COMPILATION_CONDITIONS = DEBUG;
				SWIFT_OPTIMIZATION_LEVEL = "-Onone";
			};
			name = Debug;
		};
		A1582E29224F51EA00206D5F /* Release */ = {
			isa = XCBuildConfiguration;
			buildSettings = {
				ALWAYS_SEARCH_USER_PATHS = NO;
				CLANG_ANALYZER_NONNULL = YES;
				CLANG_ANALYZER_NUMBER_OBJECT_CONVERSION = YES_AGGRESSIVE;
				CLANG_CXX_LANGUAGE_STANDARD = "gnu++14";
				CLANG_CXX_LIBRARY = "libc++";
				CLANG_ENABLE_MODULES = YES;
				CLANG_ENABLE_OBJC_ARC = YES;
				CLANG_ENABLE_OBJC_WEAK = YES;
				CLANG_WARN_BLOCK_CAPTURE_AUTORELEASING = YES;
				CLANG_WARN_BOOL_CONVERSION = YES;
				CLANG_WARN_COMMA = YES;
				CLANG_WARN_CONSTANT_CONVERSION = YES;
				CLANG_WARN_DEPRECATED_OBJC_IMPLEMENTATIONS = YES;
				CLANG_WARN_DIRECT_OBJC_ISA_USAGE = YES_ERROR;
				CLANG_WARN_DOCUMENTATION_COMMENTS = YES;
				CLANG_WARN_EMPTY_BODY = YES;
				CLANG_WARN_ENUM_CONVERSION = YES;
				CLANG_WARN_INFINITE_RECURSION = YES;
				CLANG_WARN_INT_CONVERSION = YES;
				CLANG_WARN_NON_LITERAL_NULL_CONVERSION = YES;
				CLANG_WARN_OBJC_IMPLICIT_RETAIN_SELF = YES;
				CLANG_WARN_OBJC_LITERAL_CONVERSION = YES;
				CLANG_WARN_OBJC_ROOT_CLASS = YES_ERROR;
				CLANG_WARN_RANGE_LOOP_ANALYSIS = YES;
				CLANG_WARN_STRICT_PROTOTYPES = YES;
				CLANG_WARN_SUSPICIOUS_MOVE = YES;
				CLANG_WARN_UNGUARDED_AVAILABILITY = YES_AGGRESSIVE;
				CLANG_WARN_UNREACHABLE_CODE = YES;
				CLANG_WARN__DUPLICATE_METHOD_MATCH = YES;
				CODE_SIGN_IDENTITY = "iPhone Developer";
				COPY_PHASE_STRIP = NO;
				DEBUG_INFORMATION_FORMAT = "dwarf-with-dsym";
				ENABLE_NS_ASSERTIONS = NO;
				ENABLE_STRICT_OBJC_MSGSEND = YES;
				GCC_C_LANGUAGE_STANDARD = gnu11;
				GCC_NO_COMMON_BLOCKS = YES;
				GCC_WARN_64_TO_32_BIT_CONVERSION = YES;
				GCC_WARN_ABOUT_RETURN_TYPE = YES_ERROR;
				GCC_WARN_UNDECLARED_SELECTOR = YES;
				GCC_WARN_UNINITIALIZED_AUTOS = YES_AGGRESSIVE;
				GCC_WARN_UNUSED_FUNCTION = YES;
				GCC_WARN_UNUSED_VARIABLE = YES;
				IPHONEOS_DEPLOYMENT_TARGET = 12.2;
				MTL_ENABLE_DEBUG_INFO = NO;
				MTL_FAST_MATH = YES;
				SDKROOT = iphoneos;
				SWIFT_COMPILATION_MODE = wholemodule;
				SWIFT_OPTIMIZATION_LEVEL = "-O";
				VALIDATE_PRODUCT = YES;
			};
			name = Release;
		};
		A1582E2B224F51EA00206D5F /* Debug */ = {
			isa = XCBuildConfiguration;
			baseConfigurationReference = 049E4E4BCB8837858E486456 /* Pods-LAHacks2019.debug.xcconfig */;
			buildSettings = {
				ASSETCATALOG_COMPILER_APPICON_NAME = AppIcon;
				CODE_SIGN_STYLE = Automatic;
				DEVELOPMENT_TEAM = GS4NV7H2UK;
				INFOPLIST_FILE = LAHacks2019/Info.plist;
				IPHONEOS_DEPLOYMENT_TARGET = 12.1;
				LD_RUNPATH_SEARCH_PATHS = (
					"$(inherited)",
					"@executable_path/Frameworks",
				);
				PRODUCT_BUNDLE_IDENTIFIER = com.BuddyApps.LAHacks2019;
				PRODUCT_NAME = "$(TARGET_NAME)";
				SWIFT_VERSION = 5.0;
				TARGETED_DEVICE_FAMILY = "1,2";
			};
			name = Debug;
		};
		A1582E2C224F51EA00206D5F /* Release */ = {
			isa = XCBuildConfiguration;
			baseConfigurationReference = 370C97678EA2A74226B595CD /* Pods-LAHacks2019.release.xcconfig */;
			buildSettings = {
				ASSETCATALOG_COMPILER_APPICON_NAME = AppIcon;
				CODE_SIGN_STYLE = Automatic;
				DEVELOPMENT_TEAM = GS4NV7H2UK;
				INFOPLIST_FILE = LAHacks2019/Info.plist;
				IPHONEOS_DEPLOYMENT_TARGET = 12.1;
				LD_RUNPATH_SEARCH_PATHS = (
					"$(inherited)",
					"@executable_path/Frameworks",
				);
				PRODUCT_BUNDLE_IDENTIFIER = com.BuddyApps.LAHacks2019;
				PRODUCT_NAME = "$(TARGET_NAME)";
				SWIFT_VERSION = 5.0;
				TARGETED_DEVICE_FAMILY = "1,2";
			};
			name = Release;
		};
/* End XCBuildConfiguration section */

/* Begin XCConfigurationList section */
		A1582E13224F51E900206D5F /* Build configuration list for PBXProject "LAHacks2019" */ = {
			isa = XCConfigurationList;
			buildConfigurations = (
				A1582E28224F51EA00206D5F /* Debug */,
				A1582E29224F51EA00206D5F /* Release */,
			);
			defaultConfigurationIsVisible = 0;
			defaultConfigurationName = Release;
		};
		A1582E2A224F51EA00206D5F /* Build configuration list for PBXNativeTarget "LAHacks2019" */ = {
			isa = XCConfigurationList;
			buildConfigurations = (
				A1582E2B224F51EA00206D5F /* Debug */,
				A1582E2C224F51EA00206D5F /* Release */,
			);
			defaultConfigurationIsVisible = 0;
			defaultConfigurationName = Release;
		};
/* End XCConfigurationList section */
	};
	rootObject = A1582E10224F51E900206D5F /* Project object */;
}
